{
  "name": "msg",
  "lockfileVersion": 3,
  "requires": true,
  "packages": {
    "": {
      "dependencies": {
        "compress.js": "^2.1.2"
      }
    },
    "node_modules/compress.js": {
      "version": "2.1.2",
      "resolved": "https://registry.npmjs.org/compress.js/-/compress.js-2.1.2.tgz",
      "integrity": "sha512-DBb6M4wwe0rRAPeiKQ8HJrWuocVppUw9Qte4rEXiDrc5X3TrzeRKLzpvSE9oZ0Nd4HTXSSFphj3/XWwuptkQqw=="
    }
  }
}
